Microsoft Visual Studio Solution File, Format Version 12.00
# Visual Studio Version 17
VisualStudioVersion = 17.0.31903.59
MinimumVisualStudioVersion = 10.0.40219.1
Project("{FAE04EC0-301F-11D3-BF4B-00C04F79EFBC}") = "LuluPet.App", "src\LuluPet.App\LuluPet.App.csproj", "{EBDAD911-F217-4C9A-B4FE-6182775E79AB}"
EndProject
Project("{FAE04EC0-301F-11D3-BF4B-00C04F79EFBC}") = "LuluPet.Core", "src\LuluPet.Core\LuluPet.Core.csproj", "{E18B7D46-129A-4D9F-9C73-6561A0B10E29}"
EndProject
Project("{FAE04EC0-301F-11D3-BF4B-00C04F79EFBC}") = "LuluPet.Win32", "src\LuluPet.Win32\LuluPet.Win32.csproj", "{DC9350D0-D4D2-4D3E-92C2-4A8D2C3F5501}"
EndProject
Project("{FAE04EC0-301F-11D3-BF4B-00C04F79EFBC}") = "LuluPet.Core.Tests", "tests\LuluPet.Core.Tests\LuluPet.Core.Tests.csproj", "{0DB28169-E9EF-4F18-9069-C2683E5DDB7E}"
EndProject
Global
	GlobalSection(SolutionConfigurationPlatforms) = preSolution
		Debug|Any CPU = Debug|Any CPU
		Release|Any CPU = Release|Any CPU
	EndGlobalSection
	GlobalSection(ProjectConfigurationPlatforms) = postSolution
		{EBDAD911-F217-4C9A-B4FE-6182775E79AB}.Debug|Any CPU.ActiveCfg = Debug|Any CPU
		{EBDAD911-F217-4C9A-B4FE-6182775E79AB}.Debug|Any CPU.Build.0 = Debug|Any CPU
		{EBDAD911-F217-4C9A-B4FE-6182775E79AB}.Release|Any CPU.ActiveCfg = Release|Any CPU
		{EBDAD911-F217-4C9A-B4FE-6182775E79AB}.Release|Any CPU.Build.0 = Release|Any CPU
		{E18B7D46-129A-4D9F-9C73-6561A0B10E29}.Debug|Any CPU.ActiveCfg = Debug|Any CPU
		{E18B7D46-129A-4D9F-9C73-6561A0B10E29}.Debug|Any CPU.Build.0 = Debug|Any CPU
		{E18B7D46-129A-4D9F-9C73-6561A0B10E29}.Release|Any CPU.ActiveCfg = Release|Any CPU
		{E18B7D46-129A-4D9F-9C73-6561A0B10E29}.Release|Any CPU.Build.0 = Release|Any CPU
		{DC9350D0-D4D2-4D3E-92C2-4A8D2C3F5501}.Debug|Any CPU.ActiveCfg = Debug|Any CPU
		{DC9350D0-D4D2-4D3E-92C2-4A8D2C3F5501}.Debug|Any CPU.Build.0 = Debug|Any CPU
		{DC9350D0-D4D2-4D3E-92C2-4A8D2C3F5501}.Release|Any CPU.ActiveCfg = Release|Any CPU
		{DC9350D0-D4D2-4D3E-92C2-4A8D2C3F5501}.Release|Any CPU.Build.0 = Release|Any CPU
		{0DB28169-E9EF-4F18-9069-C2683E5DDB7E}.Debug|Any CPU.ActiveCfg = Debug|Any CPU
		{0DB28169-E9EF-4F18-9069-C2683E5DDB7E}.Debug|Any CPU.Build.0 = Debug|Any CPU
		{0DB28169-E9EF-4F18-9069-C2683E5DDB7E}.Release|Any CPU.ActiveCfg = Release|Any CPU
		{0DB28169-E9EF-4F18-9069-C2683E5DDB7E}.Release|Any CPU.Build.0 = Release|Any CPU
	EndGlobalSection
	GlobalSection(SolutionProperties) = preSolution
		HideSolutionNode = FALSE
	EndGlobalSection
EndGlobal

